
Microsoft Visual Studio Solution File, Format Version 12.00
# Visual Studio 14
VisualStudioVersion = 14.0.24720.0
MinimumVisualStudioVersion = 10.0.40219.1
Project("{2150E333-8FDC-42A3-9474-1A3956D46DE8}") = "Solution Items", "Solution Items", "{76DBA7D8-8AF6-454E-94EB-0B5F91AD866E}"
	ProjectSection(SolutionItems) = preProject
		global.json = global.json
	EndProjectSection
EndProject
Project("{8BB2217D-0F2D-49D1-97BC-3654ED321F3B}") = "LazyEntityFrameworkCore", "LazyEntityFrameworkCore\LazyEntityFrameworkCore.xproj", "{99DB79EA-EC5D-4267-A758-6EBDDCDEDE91}"
EndProject
Project("{8BB2217D-0F2D-49D1-97BC-3654ED321F3B}") = "LazyLoadingSample", "LazyLoadingSample\LazyLoadingSample.xproj", "{175ADDF1-8E93-4493-814C-8E79DABD3130}"
EndProject
Global
	GlobalSection(SolutionConfigurationPlatforms) = preSolution
		Debug|Any CPU = Debug|Any CPU
		Release|Any CPU = Release|Any CPU
	EndGlobalSection
	GlobalSection(ProjectConfigurationPlatforms) = postSolution
		{99DB79EA-EC5D-4267-A758-6EBDDCDEDE91}.Debug|Any CPU.ActiveCfg = Debug|Any CPU
		{99DB79EA-EC5D-4267-A758-6EBDDCDEDE91}.Debug|Any CPU.Build.0 = Debug|Any CPU
		{99DB79EA-EC5D-4267-A758-6EBDDCDEDE91}.Release|Any CPU.ActiveCfg = Release|Any CPU
		{99DB79EA-EC5D-4267-A758-6EBDDCDEDE91}.Release|Any CPU.Build.0 = Release|Any CPU
		{175ADDF1-8E93-4493-814C-8E79DABD3130}.Debug|Any CPU.ActiveCfg = Debug|Any CPU
		{175ADDF1-8E93-4493-814C-8E79DABD3130}.Debug|Any CPU.Build.0 = Debug|Any CPU
		{175ADDF1-8E93-4493-814C-8E79DABD3130}.Release|Any CPU.ActiveCfg = Release|Any CPU
		{175ADDF1-8E93-4493-814C-8E79DABD3130}.Release|Any CPU.Build.0 = Release|Any CPU
	EndGlobalSection
	GlobalSection(SolutionProperties) = preSolution
		HideSolutionNode = FALSE
	EndGlobalSection
EndGlobal
