
Microsoft Visual Studio Solution File, Format Version 12.00
# Visual Studio 14
VisualStudioVersion = 14.0.25123.0
MinimumVisualStudioVersion = 10.0.40219.1
Project("{2150E333-8FDC-42A3-9474-1A3956D46DE8}") = "Solution Items", "Solution Items", "{76DBA7D8-8AF6-454E-94EB-0B5F91AD866E}"
	ProjectSection(SolutionItems) = preProject
		global.json = global.json
	EndProjectSection
EndProject
Project("{8BB2217D-0F2D-49D1-97BC-3654ED321F3B}") = "LazyEntityFrameworkCore", "LazyEntityFrameworkCore\LazyEntityFrameworkCore.xproj", "{99DB79EA-EC5D-4267-A758-6EBDDCDEDE91}"
EndProject
Project("{8BB2217D-0F2D-49D1-97BC-3654ED321F3B}") = "LazyLoadingSample", "LazyLoadingSample\LazyLoadingSample.xproj", "{175ADDF1-8E93-4493-814C-8E79DABD3130}"
EndProject
Project("{8BB2217D-0F2D-49D1-97BC-3654ED321F3B}") = "LazyEntityFrameworkCore.SqlServer", "LazyEntityFrameworkCore.SqlServer\LazyEntityFrameworkCore.SqlServer.xproj", "{A85E7918-6BF1-44B6-A80D-722AB1116922}"
EndProject
Project("{8BB2217D-0F2D-49D1-97BC-3654ED321F3B}") = "LazyEntityFrameworkCore.Relational", "LazyEntityFrameworkCore.Relational\LazyEntityFrameworkCore.Relational.xproj", "{3F05D4C2-7E67-4B36-A747-B9A17FA64DD9}"
EndProject
Project("{8BB2217D-0F2D-49D1-97BC-3654ED321F3B}") = "LazyEntityFrameworkCore.InMemory", "LazyEntityFrameworkCore.InMemory\LazyEntityFrameworkCore.InMemory.xproj", "{7DF1C5FA-9EDB-4427-BA4E-D758E79A322E}"
EndProject
Project("{8BB2217D-0F2D-49D1-97BC-3654ED321F3B}") = "LazyEntityFramework.Shared", "LazyEntityFramework.Shared\LazyEntityFramework.Shared.xproj", "{5EF0C3EA-19B6-4B60-8256-856CB1F81931}"
EndProject
Global
	GlobalSection(SolutionConfigurationPlatforms) = preSolution
		Debug|Any CPU = Debug|Any CPU
		Release|Any CPU = Release|Any CPU
	EndGlobalSection
	GlobalSection(ProjectConfigurationPlatforms) = postSolution
		{99DB79EA-EC5D-4267-A758-6EBDDCDEDE91}.Debug|Any CPU.ActiveCfg = Debug|Any CPU
		{99DB79EA-EC5D-4267-A758-6EBDDCDEDE91}.Debug|Any CPU.Build.0 = Debug|Any CPU
		{99DB79EA-EC5D-4267-A758-6EBDDCDEDE91}.Release|Any CPU.ActiveCfg = Release|Any CPU
		{99DB79EA-EC5D-4267-A758-6EBDDCDEDE91}.Release|Any CPU.Build.0 = Release|Any CPU
		{175ADDF1-8E93-4493-814C-8E79DABD3130}.Debug|Any CPU.ActiveCfg = Debug|Any CPU
		{175ADDF1-8E93-4493-814C-8E79DABD3130}.Debug|Any CPU.Build.0 = Debug|Any CPU
		{175ADDF1-8E93-4493-814C-8E79DABD3130}.Release|Any CPU.ActiveCfg = Release|Any CPU
		{175ADDF1-8E93-4493-814C-8E79DABD3130}.Release|Any CPU.Build.0 = Release|Any CPU
		{A85E7918-6BF1-44B6-A80D-722AB1116922}.Debug|Any CPU.ActiveCfg = Debug|Any CPU
		{A85E7918-6BF1-44B6-A80D-722AB1116922}.Debug|Any CPU.Build.0 = Debug|Any CPU
		{A85E7918-6BF1-44B6-A80D-722AB1116922}.Release|Any CPU.ActiveCfg = Release|Any CPU
		{A85E7918-6BF1-44B6-A80D-722AB1116922}.Release|Any CPU.Build.0 = Release|Any CPU
		{3F05D4C2-7E67-4B36-A747-B9A17FA64DD9}.Debug|Any CPU.ActiveCfg = Debug|Any CPU
		{3F05D4C2-7E67-4B36-A747-B9A17FA64DD9}.Debug|Any CPU.Build.0 = Debug|Any CPU
		{3F05D4C2-7E67-4B36-A747-B9A17FA64DD9}.Release|Any CPU.ActiveCfg = Release|Any CPU
		{3F05D4C2-7E67-4B36-A747-B9A17FA64DD9}.Release|Any CPU.Build.0 = Release|Any CPU
		{7DF1C5FA-9EDB-4427-BA4E-D758E79A322E}.Debug|Any CPU.ActiveCfg = Debug|Any CPU
		{7DF1C5FA-9EDB-4427-BA4E-D758E79A322E}.Debug|Any CPU.Build.0 = Debug|Any CPU
		{7DF1C5FA-9EDB-4427-BA4E-D758E79A322E}.Release|Any CPU.ActiveCfg = Release|Any CPU
		{7DF1C5FA-9EDB-4427-BA4E-D758E79A322E}.Release|Any CPU.Build.0 = Release|Any CPU
		{5EF0C3EA-19B6-4B60-8256-856CB1F81931}.Debug|Any CPU.ActiveCfg = Debug|Any CPU
		{5EF0C3EA-19B6-4B60-8256-856CB1F81931}.Debug|Any CPU.Build.0 = Debug|Any CPU
		{5EF0C3EA-19B6-4B60-8256-856CB1F81931}.Release|Any CPU.ActiveCfg = Release|Any CPU
		{5EF0C3EA-19B6-4B60-8256-856CB1F81931}.Release|Any CPU.Build.0 = Release|Any CPU
	EndGlobalSection
	GlobalSection(SolutionProperties) = preSolution
		HideSolutionNode = FALSE
	EndGlobalSection
EndGlobal
